
Microsoft Visual Studio Solution File, Format Version 12.00
# Visual Studio Version 17
VisualStudioVersion = 17.3.32929.385
MinimumVisualStudioVersion = 10.0.40219.1
Project("{FAE04EC0-301F-11D3-BF4B-00C04F79EFBC}") = "Projet_PFA", "Projet_PFA\Projet_PFA.csproj", "{0AD36079-301D-4E90-AA2B-2695143122B5}"
EndProject
Global
	GlobalSection(SolutionConfigurationPlatforms) = preSolution
		Debug|Any CPU = Debug|Any CPU
		Release|Any CPU = Release|Any CPU
	EndGlobalSection
	GlobalSection(ProjectConfigurationPlatforms) = postSolution
		{0AD36079-301D-4E90-AA2B-2695143122B5}.Debug|Any CPU.ActiveCfg = Debug|Any CPU
		{0AD36079-301D-4E90-AA2B-2695143122B5}.Debug|Any CPU.Build.0 = Debug|Any CPU
		{0AD36079-301D-4E90-AA2B-2695143122B5}.Release|Any CPU.ActiveCfg = Release|Any CPU
		{0AD36079-301D-4E90-AA2B-2695143122B5}.Release|Any CPU.Build.0 = Release|Any CPU
	EndGlobalSection
	GlobalSection(SolutionProperties) = preSolution
		HideSolutionNode = FALSE
	EndGlobalSection
	GlobalSection(ExtensibilityGlobals) = postSolution
		SolutionGuid = {D2ACB4B2-B331-4E24-B4B4-3EA8510C59DE}
	EndGlobalSection
EndGlobal
